// !$*UTF8*$!
{
	archiveVersion = 1;
	classes = {
	};
	objectVersion = 51;
	objects = {

/* Begin PBXBuildFile section */
		3E540061DABE338528814660 /* Pods_LevelUp.framework in Frameworks */ = {isa = PBXBuildFile; fileRef = 603EA66648B7207679E2D6D5 /* Pods_LevelUp.framework */; };
		701081FA26791A1D00288D76 /* Connexion.swift in Sources */ = {isa = PBXBuildFile; fileRef = 701081F926791A1D00288D76 /* Connexion.swift */; };
		701081FC26791A6900288D76 /* ModalConnexionValid.swift in Sources */ = {isa = PBXBuildFile; fileRef = 701081FB26791A6900288D76 /* ModalConnexionValid.swift */; };
		70108203267929FB00288D76 /* GameKit.framework in Frameworks */ = {isa = PBXBuildFile; fileRef = 70108202267929FB00288D76 /* GameKit.framework */; };
		701603152679E7F900225CA0 /* LoginModel.swift in Sources */ = {isa = PBXBuildFile; fileRef = 701603142679E7F900225CA0 /* LoginModel.swift */; };
		70160317267A1A9B00225CA0 /* SignInEmail.swift in Sources */ = {isa = PBXBuildFile; fileRef = 70160316267A1A9B00225CA0 /* SignInEmail.swift */; };
		70160319267A1BBF00225CA0 /* SignInGC.swift in Sources */ = {isa = PBXBuildFile; fileRef = 70160318267A1BBF00225CA0 /* SignInGC.swift */; };
		7016031B267A1C3800225CA0 /* SignInApple.swift in Sources */ = {isa = PBXBuildFile; fileRef = 7016031A267A1C3800225CA0 /* SignInApple.swift */; };
		70487404267B4EDF00263425 /* ImagePicker.swift in Sources */ = {isa = PBXBuildFile; fileRef = 70487403267B4EDF00263425 /* ImagePicker.swift */; };
		70487406267B4EFF00263425 /* PlaySound.swift in Sources */ = {isa = PBXBuildFile; fileRef = 70487405267B4EFF00263425 /* PlaySound.swift */; };
		7048740B267B4F8A00263425 /* QuizView.swift in Sources */ = {isa = PBXBuildFile; fileRef = 70487409267B4F8A00263425 /* QuizView.swift */; };
		7048740C267B4F8A00263425 /* QuestionView.swift in Sources */ = {isa = PBXBuildFile; fileRef = 7048740A267B4F8A00263425 /* QuestionView.swift */; };
		7048740E267B4F9100263425 /* BackgroundRectangle.swift in Sources */ = {isa = PBXBuildFile; fileRef = 7048740D267B4F9100263425 /* BackgroundRectangle.swift */; };
		70487410267B4F9B00263425 /* RadarChartView.swift in Sources */ = {isa = PBXBuildFile; fileRef = 7048740F267B4F9B00263425 /* RadarChartView.swift */; };
		70487412267B4FB000263425 /* PhotoCaptureView.swift in Sources */ = {isa = PBXBuildFile; fileRef = 70487411267B4FB000263425 /* PhotoCaptureView.swift */; };
		70487414267B4FB800263425 /* GameBackground.swift in Sources */ = {isa = PBXBuildFile; fileRef = 70487413267B4FB800263425 /* GameBackground.swift */; };
		70487416267B4FBF00263425 /* BackgroundViews.swift in Sources */ = {isa = PBXBuildFile; fileRef = 70487415267B4FBF00263425 /* BackgroundViews.swift */; };
		70487418267B4FC400263425 /* Tutorial.swift in Sources */ = {isa = PBXBuildFile; fileRef = 70487417267B4FC400263425 /* Tutorial.swift */; };
		7048741A267B4FCA00263425 /* Universe.swift in Sources */ = {isa = PBXBuildFile; fileRef = 70487419267B4FCA00263425 /* Universe.swift */; };
		7048741C267B4FD400263425 /* LandingPlanet.swift in Sources */ = {isa = PBXBuildFile; fileRef = 7048741B267B4FD400263425 /* LandingPlanet.swift */; };
		7048741E267B4FDC00263425 /* GameProfile.swift in Sources */ = {isa = PBXBuildFile; fileRef = 7048741D267B4FDC00263425 /* GameProfile.swift */; };
		70487420267B4FE000263425 /* Onboarding.swift in Sources */ = {isa = PBXBuildFile; fileRef = 7048741F267B4FE000263425 /* Onboarding.swift */; };
		70487422267B4FED00263425 /* PlayersProfile.swift in Sources */ = {isa = PBXBuildFile; fileRef = 70487421267B4FED00263425 /* PlayersProfile.swift */; };
		70487425267B500700263425 /* ModalConversation.swift in Sources */ = {isa = PBXBuildFile; fileRef = 70487423267B500700263425 /* ModalConversation.swift */; };
		70487426267B500700263425 /* PopUpEndOfGame.swift in Sources */ = {isa = PBXBuildFile; fileRef = 70487424267B500700263425 /* PopUpEndOfGame.swift */; };
		7048742E267B502F00263425 /* Game1TabView.swift in Sources */ = {isa = PBXBuildFile; fileRef = 70487427267B502E00263425 /* Game1TabView.swift */; };
		7048742F267B502F00263425 /* Game1.swift in Sources */ = {isa = PBXBuildFile; fileRef = 70487428267B502E00263425 /* Game1.swift */; };
		70487430267B502F00263425 /* Game2.swift in Sources */ = {isa = PBXBuildFile; fileRef = 70487429267B502E00263425 /* Game2.swift */; };
		70487431267B502F00263425 /* Game1WalkthroughView.swift in Sources */ = {isa = PBXBuildFile; fileRef = 7048742A267B502E00263425 /* Game1WalkthroughView.swift */; };
		70487432267B502F00263425 /* Game3.swift in Sources */ = {isa = PBXBuildFile; fileRef = 7048742B267B502E00263425 /* Game3.swift */; };
		70487433267B502F00263425 /* Game1Onboarding.swift in Sources */ = {isa = PBXBuildFile; fileRef = 7048742C267B502F00263425 /* Game1Onboarding.swift */; };
		70487434267B502F00263425 /* Game1e2.swift in Sources */ = {isa = PBXBuildFile; fileRef = 7048742D267B502F00263425 /* Game1e2.swift */; };
		70487436267B506300263425 /* Assets.xcassets in Resources */ = {isa = PBXBuildFile; fileRef = 70487435267B506300263425 /* Assets.xcassets */; };
		70487438267B51CF00263425 /* Question.swift in Sources */ = {isa = PBXBuildFile; fileRef = 70487437267B51CF00263425 /* Question.swift */; };
		7048743A267B51D500263425 /* Game.swift in Sources */ = {isa = PBXBuildFile; fileRef = 70487439267B51D500263425 /* Game.swift */; };
		7048743C267B51D800263425 /* Player.swift in Sources */ = {isa = PBXBuildFile; fileRef = 7048743B267B51D800263425 /* Player.swift */; };
		7048743E267B51DB00263425 /* Message.swift in Sources */ = {isa = PBXBuildFile; fileRef = 7048743D267B51DB00263425 /* Message.swift */; };
		70487440267B51DE00263425 /* Type.swift in Sources */ = {isa = PBXBuildFile; fileRef = 7048743F267B51DE00263425 /* Type.swift */; };
		70487442267B51E300263425 /* Conversation.swift in Sources */ = {isa = PBXBuildFile; fileRef = 70487441267B51E300263425 /* Conversation.swift */; };
		70487444267B51E600263425 /* Achiev.swift in Sources */ = {isa = PBXBuildFile; fileRef = 70487443267B51E600263425 /* Achiev.swift */; };
		70487446267B582300263425 /* Data.swift in Sources */ = {isa = PBXBuildFile; fileRef = 70487445267B582300263425 /* Data.swift */; };
		70487448267B584C00263425 /* connectionView.swift in Sources */ = {isa = PBXBuildFile; fileRef = 70487447267B584C00263425 /* connectionView.swift */; };
		706E0DD7267918E800923030 /* GoogleService-Info.plist in Resources */ = {isa = PBXBuildFile; fileRef = 706E0DD6267918E800923030 /* GoogleService-Info.plist */; };
		D39EAD3C267250BF00DC0806 /* LevelUpApp.swift in Sources */ = {isa = PBXBuildFile; fileRef = D39EAD3B267250BF00DC0806 /* LevelUpApp.swift */; };
		D39EAD3E267250BF00DC0806 /* ContentView.swift in Sources */ = {isa = PBXBuildFile; fileRef = D39EAD3D267250BF00DC0806 /* ContentView.swift */; };
		D39EAD43267250C300DC0806 /* Preview Assets.xcassets in Resources */ = {isa = PBXBuildFile; fileRef = D39EAD42267250C300DC0806 /* Preview Assets.xcassets */; };
		D39EAD4D2672510C00DC0806 /* Planet.swift in Sources */ = {isa = PBXBuildFile; fileRef = D39EAD4C2672510C00DC0806 /* Planet.swift */; };
		D39EAD5D26726AAD00DC0806 /* Revalia-Regular.ttf in Resources */ = {isa = PBXBuildFile; fileRef = D39EAD5C26726AAD00DC0806 /* Revalia-Regular.ttf */; };
		D39EAD5F26726AC700DC0806 /* SFUIDisplay-Black.otf in Resources */ = {isa = PBXBuildFile; fileRef = D39EAD5E26726AC700DC0806 /* SFUIDisplay-Black.otf */; };
		D39EAD6126726AD500DC0806 /* SFUIDisplay-Heavy.otf in Resources */ = {isa = PBXBuildFile; fileRef = D39EAD6026726AD500DC0806 /* SFUIDisplay-Heavy.otf */; };
		D39EAD6326726AE100DC0806 /* SFUIDisplay-Regular.otf in Resources */ = {isa = PBXBuildFile; fileRef = D39EAD6226726AE100DC0806 /* SFUIDisplay-Regular.otf */; };
		D39EAD6526726AF800DC0806 /* SFUIDisplay-Light.ttf in Resources */ = {isa = PBXBuildFile; fileRef = D39EAD6426726AF800DC0806 /* SFUIDisplay-Light.ttf */; };
		D39EAD6726726AFF00DC0806 /* SFUIDisplay-Thin.otf in Resources */ = {isa = PBXBuildFile; fileRef = D39EAD6626726AFF00DC0806 /* SFUIDisplay-Thin.otf */; };
		D39EAD6E267348FF00DC0806 /* PlanetView.swift in Sources */ = {isa = PBXBuildFile; fileRef = D39EAD6D267348FF00DC0806 /* PlanetView.swift */; };
/* End PBXBuildFile section */

/* Begin PBXFileReference section */
		2D6F36ADA20852F6D0FF1BD5 /* Pods-LevelUp.release.xcconfig */ = {isa = PBXFileReference; includeInIndex = 1; lastKnownFileType = text.xcconfig; name = "Pods-LevelUp.release.xcconfig"; path = "Target Support Files/Pods-LevelUp/Pods-LevelUp.release.xcconfig"; sourceTree = "<group>"; };
		603EA66648B7207679E2D6D5 /* Pods_LevelUp.framework */ = {isa = PBXFileReference; explicitFileType = wrapper.framework; includeInIndex = 0; path = Pods_LevelUp.framework; sourceTree = BUILT_PRODUCTS_DIR; };
		701081F926791A1D00288D76 /* Connexion.swift */ = {isa = PBXFileReference; fileEncoding = 4; lastKnownFileType = sourcecode.swift; path = Connexion.swift; sourceTree = "<group>"; };
		701081FB26791A6900288D76 /* ModalConnexionValid.swift */ = {isa = PBXFileReference; fileEncoding = 4; lastKnownFileType = sourcecode.swift; path = ModalConnexionValid.swift; sourceTree = "<group>"; };
		701081FD26791B7000288D76 /* LevelUp.entitlements */ = {isa = PBXFileReference; lastKnownFileType = text.plist.entitlements; path = LevelUp.entitlements; sourceTree = "<group>"; };
		70108202267929FB00288D76 /* GameKit.framework */ = {isa = PBXFileReference; lastKnownFileType = wrapper.framework; name = GameKit.framework; path = System/Library/Frameworks/GameKit.framework; sourceTree = SDKROOT; };
		701603142679E7F900225CA0 /* LoginModel.swift */ = {isa = PBXFileReference; lastKnownFileType = sourcecode.swift; path = LoginModel.swift; sourceTree = "<group>"; };
		70160316267A1A9B00225CA0 /* SignInEmail.swift */ = {isa = PBXFileReference; lastKnownFileType = sourcecode.swift; path = SignInEmail.swift; sourceTree = "<group>"; };
		70160318267A1BBF00225CA0 /* SignInGC.swift */ = {isa = PBXFileReference; lastKnownFileType = sourcecode.swift; path = SignInGC.swift; sourceTree = "<group>"; };
		7016031A267A1C3800225CA0 /* SignInApple.swift */ = {isa = PBXFileReference; lastKnownFileType = sourcecode.swift; path = SignInApple.swift; sourceTree = "<group>"; };
		70487403267B4EDF00263425 /* ImagePicker.swift */ = {isa = PBXFileReference; fileEncoding = 4; lastKnownFileType = sourcecode.swift; path = ImagePicker.swift; sourceTree = "<group>"; };
		70487405267B4EFF00263425 /* PlaySound.swift */ = {isa = PBXFileReference; fileEncoding = 4; lastKnownFileType = sourcecode.swift; path = PlaySound.swift; sourceTree = "<group>"; };
		70487409267B4F8A00263425 /* QuizView.swift */ = {isa = PBXFileReference; fileEncoding = 4; lastKnownFileType = sourcecode.swift; path = QuizView.swift; sourceTree = "<group>"; };
		7048740A267B4F8A00263425 /* QuestionView.swift */ = {isa = PBXFileReference; fileEncoding = 4; lastKnownFileType = sourcecode.swift; path = QuestionView.swift; sourceTree = "<group>"; };
		7048740D267B4F9100263425 /* BackgroundRectangle.swift */ = {isa = PBXFileReference; fileEncoding = 4; lastKnownFileType = sourcecode.swift; path = BackgroundRectangle.swift; sourceTree = "<group>"; };
		7048740F267B4F9B00263425 /* RadarChartView.swift */ = {isa = PBXFileReference; fileEncoding = 4; lastKnownFileType = sourcecode.swift; path = RadarChartView.swift; sourceTree = "<group>"; };
		70487411267B4FB000263425 /* PhotoCaptureView.swift */ = {isa = PBXFileReference; fileEncoding = 4; lastKnownFileType = sourcecode.swift; path = PhotoCaptureView.swift; sourceTree = "<group>"; };
		70487413267B4FB800263425 /* GameBackground.swift */ = {isa = PBXFileReference; fileEncoding = 4; lastKnownFileType = sourcecode.swift; path = GameBackground.swift; sourceTree = "<group>"; };
		70487415267B4FBF00263425 /* BackgroundViews.swift */ = {isa = PBXFileReference; fileEncoding = 4; lastKnownFileType = sourcecode.swift; path = BackgroundViews.swift; sourceTree = "<group>"; };
		70487417267B4FC400263425 /* Tutorial.swift */ = {isa = PBXFileReference; fileEncoding = 4; lastKnownFileType = sourcecode.swift; path = Tutorial.swift; sourceTree = "<group>"; };
		70487419267B4FCA00263425 /* Universe.swift */ = {isa = PBXFileReference; fileEncoding = 4; lastKnownFileType = sourcecode.swift; path = Universe.swift; sourceTree = "<group>"; };
		7048741B267B4FD400263425 /* LandingPlanet.swift */ = {isa = PBXFileReference; fileEncoding = 4; lastKnownFileType = sourcecode.swift; path = LandingPlanet.swift; sourceTree = "<group>"; };
		7048741D267B4FDC00263425 /* GameProfile.swift */ = {isa = PBXFileReference; fileEncoding = 4; lastKnownFileType = sourcecode.swift; path = GameProfile.swift; sourceTree = "<group>"; };
		7048741F267B4FE000263425 /* Onboarding.swift */ = {isa = PBXFileReference; fileEncoding = 4; lastKnownFileType = sourcecode.swift; path = Onboarding.swift; sourceTree = "<group>"; };
		70487421267B4FED00263425 /* PlayersProfile.swift */ = {isa = PBXFileReference; fileEncoding = 4; lastKnownFileType = sourcecode.swift; path = PlayersProfile.swift; sourceTree = "<group>"; };
		70487423267B500700263425 /* ModalConversation.swift */ = {isa = PBXFileReference; fileEncoding = 4; lastKnownFileType = sourcecode.swift; path = ModalConversation.swift; sourceTree = "<group>"; };
		70487424267B500700263425 /* PopUpEndOfGame.swift */ = {isa = PBXFileReference; fileEncoding = 4; lastKnownFileType = sourcecode.swift; path = PopUpEndOfGame.swift; sourceTree = "<group>"; };
		70487427267B502E00263425 /* Game1TabView.swift */ = {isa = PBXFileReference; fileEncoding = 4; lastKnownFileType = sourcecode.swift; path = Game1TabView.swift; sourceTree = "<group>"; };
		70487428267B502E00263425 /* Game1.swift */ = {isa = PBXFileReference; fileEncoding = 4; lastKnownFileType = sourcecode.swift; path = Game1.swift; sourceTree = "<group>"; };
		70487429267B502E00263425 /* Game2.swift */ = {isa = PBXFileReference; fileEncoding = 4; lastKnownFileType = sourcecode.swift; path = Game2.swift; sourceTree = "<group>"; };
		7048742A267B502E00263425 /* Game1WalkthroughView.swift */ = {isa = PBXFileReference; fileEncoding = 4; lastKnownFileType = sourcecode.swift; path = Game1WalkthroughView.swift; sourceTree = "<group>"; };
		7048742B267B502E00263425 /* Game3.swift */ = {isa = PBXFileReference; fileEncoding = 4; lastKnownFileType = sourcecode.swift; path = Game3.swift; sourceTree = "<group>"; };
		7048742C267B502F00263425 /* Game1Onboarding.swift */ = {isa = PBXFileReference; fileEncoding = 4; lastKnownFileType = sourcecode.swift; path = Game1Onboarding.swift; sourceTree = "<group>"; };
		7048742D267B502F00263425 /* Game1e2.swift */ = {isa = PBXFileReference; fileEncoding = 4; lastKnownFileType = sourcecode.swift; path = Game1e2.swift; sourceTree = "<group>"; };
		70487435267B506300263425 /* Assets.xcassets */ = {isa = PBXFileReference; lastKnownFileType = folder.assetcatalog; path = Assets.xcassets; sourceTree = "<group>"; };
		70487437267B51CF00263425 /* Question.swift */ = {isa = PBXFileReference; fileEncoding = 4; lastKnownFileType = sourcecode.swift; path = Question.swift; sourceTree = "<group>"; };
		70487439267B51D500263425 /* Game.swift */ = {isa = PBXFileReference; fileEncoding = 4; lastKnownFileType = sourcecode.swift; path = Game.swift; sourceTree = "<group>"; };
		7048743B267B51D800263425 /* Player.swift */ = {isa = PBXFileReference; fileEncoding = 4; lastKnownFileType = sourcecode.swift; path = Player.swift; sourceTree = "<group>"; };
		7048743D267B51DB00263425 /* Message.swift */ = {isa = PBXFileReference; fileEncoding = 4; lastKnownFileType = sourcecode.swift; path = Message.swift; sourceTree = "<group>"; };
		7048743F267B51DE00263425 /* Type.swift */ = {isa = PBXFileReference; fileEncoding = 4; lastKnownFileType = sourcecode.swift; path = Type.swift; sourceTree = "<group>"; };
		70487441267B51E300263425 /* Conversation.swift */ = {isa = PBXFileReference; fileEncoding = 4; lastKnownFileType = sourcecode.swift; path = Conversation.swift; sourceTree = "<group>"; };
		70487443267B51E600263425 /* Achiev.swift */ = {isa = PBXFileReference; fileEncoding = 4; lastKnownFileType = sourcecode.swift; path = Achiev.swift; sourceTree = "<group>"; };
		70487445267B582300263425 /* Data.swift */ = {isa = PBXFileReference; fileEncoding = 4; lastKnownFileType = sourcecode.swift; path = Data.swift; sourceTree = "<group>"; };
		70487447267B584C00263425 /* connectionView.swift */ = {isa = PBXFileReference; fileEncoding = 4; lastKnownFileType = sourcecode.swift; path = connectionView.swift; sourceTree = "<group>"; };
		706E0DD6267918E800923030 /* GoogleService-Info.plist */ = {isa = PBXFileReference; fileEncoding = 4; lastKnownFileType = text.plist.xml; path = "GoogleService-Info.plist"; sourceTree = "<group>"; };
		7C12331BD05D7CA314D5D51D /* Pods-LevelUp.debug.xcconfig */ = {isa = PBXFileReference; includeInIndex = 1; lastKnownFileType = text.xcconfig; name = "Pods-LevelUp.debug.xcconfig"; path = "Target Support Files/Pods-LevelUp/Pods-LevelUp.debug.xcconfig"; sourceTree = "<group>"; };
		D39EAD38267250BF00DC0806 /* LevelUp.app */ = {isa = PBXFileReference; explicitFileType = wrapper.application; includeInIndex = 0; path = LevelUp.app; sourceTree = BUILT_PRODUCTS_DIR; };
		D39EAD3B267250BF00DC0806 /* LevelUpApp.swift */ = {isa = PBXFileReference; lastKnownFileType = sourcecode.swift; path = LevelUpApp.swift; sourceTree = "<group>"; };
		D39EAD3D267250BF00DC0806 /* ContentView.swift */ = {isa = PBXFileReference; lastKnownFileType = sourcecode.swift; path = ContentView.swift; sourceTree = "<group>"; };
		D39EAD42267250C300DC0806 /* Preview Assets.xcassets */ = {isa = PBXFileReference; lastKnownFileType = folder.assetcatalog; path = "Preview Assets.xcassets"; sourceTree = "<group>"; };
		D39EAD44267250C300DC0806 /* Info.plist */ = {isa = PBXFileReference; lastKnownFileType = text.plist.xml; path = Info.plist; sourceTree = "<group>"; };
		D39EAD4C2672510C00DC0806 /* Planet.swift */ = {isa = PBXFileReference; lastKnownFileType = sourcecode.swift; path = Planet.swift; sourceTree = "<group>"; };
		D39EAD5C26726AAD00DC0806 /* Revalia-Regular.ttf */ = {isa = PBXFileReference; lastKnownFileType = file; path = "Revalia-Regular.ttf"; sourceTree = "<group>"; };
		D39EAD5E26726AC700DC0806 /* SFUIDisplay-Black.otf */ = {isa = PBXFileReference; lastKnownFileType = file; path = "SFUIDisplay-Black.otf"; sourceTree = "<group>"; };
		D39EAD6026726AD500DC0806 /* SFUIDisplay-Heavy.otf */ = {isa = PBXFileReference; lastKnownFileType = file; path = "SFUIDisplay-Heavy.otf"; sourceTree = "<group>"; };
		D39EAD6226726AE100DC0806 /* SFUIDisplay-Regular.otf */ = {isa = PBXFileReference; lastKnownFileType = file; path = "SFUIDisplay-Regular.otf"; sourceTree = "<group>"; };
		D39EAD6426726AF800DC0806 /* SFUIDisplay-Light.ttf */ = {isa = PBXFileReference; lastKnownFileType = file; path = "SFUIDisplay-Light.ttf"; sourceTree = "<group>"; };
		D39EAD6626726AFF00DC0806 /* SFUIDisplay-Thin.otf */ = {isa = PBXFileReference; lastKnownFileType = file; path = "SFUIDisplay-Thin.otf"; sourceTree = "<group>"; };
		D39EAD6D267348FF00DC0806 /* PlanetView.swift */ = {isa = PBXFileReference; lastKnownFileType = sourcecode.swift; path = PlanetView.swift; sourceTree = "<group>"; };
/* End PBXFileReference section */

/* Begin PBXFrameworksBuildPhase section */
		D39EAD35267250BF00DC0806 /* Frameworks */ = {
			isa = PBXFrameworksBuildPhase;
			buildActionMask = 2147483647;
			files = (
				3E540061DABE338528814660 /* Pods_LevelUp.framework in Frameworks */,
				70108203267929FB00288D76 /* GameKit.framework in Frameworks */,
			);
			runOnlyForDeploymentPostprocessing = 0;
		};
/* End PBXFrameworksBuildPhase section */

/* Begin PBXGroup section */
		7016031C267A44C700225CA0 /* ConnectionView */ = {
			isa = PBXGroup;
			children = (
				70487447267B584C00263425 /* connectionView.swift */,
				7016031A267A1C3800225CA0 /* SignInApple.swift */,
				70160318267A1BBF00225CA0 /* SignInGC.swift */,
				701081F926791A1D00288D76 /* Connexion.swift */,
				70160316267A1A9B00225CA0 /* SignInEmail.swift */,
				701081FB26791A6900288D76 /* ModalConnexionValid.swift */,
				D39EAD6D267348FF00DC0806 /* PlanetView.swift */,
				70487411267B4FB000263425 /* PhotoCaptureView.swift */,
				7048740A267B4F8A00263425 /* QuestionView.swift */,
				70487409267B4F8A00263425 /* QuizView.swift */,
				7048740D267B4F9100263425 /* BackgroundRectangle.swift */,
				7048740F267B4F9B00263425 /* RadarChartView.swift */,
				70487413267B4FB800263425 /* GameBackground.swift */,
				70487415267B4FBF00263425 /* BackgroundViews.swift */,
				70487417267B4FC400263425 /* Tutorial.swift */,
				70487419267B4FCA00263425 /* Universe.swift */,
				7048741B267B4FD400263425 /* LandingPlanet.swift */,
				7048741D267B4FDC00263425 /* GameProfile.swift */,
				7048741F267B4FE000263425 /* Onboarding.swift */,
				70487421267B4FED00263425 /* PlayersProfile.swift */,
				70487423267B500700263425 /* ModalConversation.swift */,
				70487424267B500700263425 /* PopUpEndOfGame.swift */,
				70160326267A49B800225CA0 /* Games */,
			);
			path = ConnectionView;
			sourceTree = "<group>";
		};
		70160326267A49B800225CA0 /* Games */ = {
			isa = PBXGroup;
			children = (
				70487428267B502E00263425 /* Game1.swift */,
				7048742D267B502F00263425 /* Game1e2.swift */,
				7048742C267B502F00263425 /* Game1Onboarding.swift */,
				70487427267B502E00263425 /* Game1TabView.swift */,
				7048742A267B502E00263425 /* Game1WalkthroughView.swift */,
				70487429267B502E00263425 /* Game2.swift */,
				7048742B267B502E00263425 /* Game3.swift */,
			);
			path = Games;
			sourceTree = "<group>";
		};
		D39EAD2F267250BF00DC0806 = {
			isa = PBXGroup;
			children = (
				D39EAD3A267250BF00DC0806 /* LevelUp */,
				D39EAD39267250BF00DC0806 /* Products */,
				D471BD17B10D243559B7A452 /* Pods */,
				EC130DF746B38B9F8B68EA7B /* Frameworks */,
			);
			sourceTree = "<group>";
		};
		D39EAD39267250BF00DC0806 /* Products */ = {
			isa = PBXGroup;
			children = (
				D39EAD38267250BF00DC0806 /* LevelUp.app */,
			);
			name = Products;
			sourceTree = "<group>";
		};
		D39EAD3A267250BF00DC0806 /* LevelUp */ = {
			isa = PBXGroup;
			children = (
				701081FD26791B7000288D76 /* LevelUp.entitlements */,
				D39EAD3B267250BF00DC0806 /* LevelUpApp.swift */,
				D39EAD3D267250BF00DC0806 /* ContentView.swift */,
				D39EAD5B26726A0700DC0806 /* Fonts */,
				D39EAD4B267250DD00DC0806 /* Views */,
				D39EAD4A267250D200DC0806 /* Models */,
				70487435267B506300263425 /* Assets.xcassets */,
				D39EAD44267250C300DC0806 /* Info.plist */,
				706E0DD6267918E800923030 /* GoogleService-Info.plist */,
				D39EAD41267250C300DC0806 /* Preview Content */,
			);
			path = LevelUp;
			sourceTree = "<group>";
		};
		D39EAD41267250C300DC0806 /* Preview Content */ = {
			isa = PBXGroup;
			children = (
				D39EAD42267250C300DC0806 /* Preview Assets.xcassets */,
			);
			path = "Preview Content";
			sourceTree = "<group>";
		};
		D39EAD4A267250D200DC0806 /* Models */ = {
			isa = PBXGroup;
			children = (
				70487445267B582300263425 /* Data.swift */,
				70487405267B4EFF00263425 /* PlaySound.swift */,
				70487403267B4EDF00263425 /* ImagePicker.swift */,
				70487439267B51D500263425 /* Game.swift */,
				7048743F267B51DE00263425 /* Type.swift */,
				70487441267B51E300263425 /* Conversation.swift */,
				7048743D267B51DB00263425 /* Message.swift */,
				7048743B267B51D800263425 /* Player.swift */,
				70487443267B51E600263425 /* Achiev.swift */,
				70487437267B51CF00263425 /* Question.swift */,
				D39EAD4C2672510C00DC0806 /* Planet.swift */,
				701603142679E7F900225CA0 /* LoginModel.swift */,
			);
			path = Models;
			sourceTree = "<group>";
		};
		D39EAD4B267250DD00DC0806 /* Views */ = {
			isa = PBXGroup;
			children = (
				7016031C267A44C700225CA0 /* ConnectionView */,
			);
			path = Views;
			sourceTree = "<group>";
		};
		D39EAD5B26726A0700DC0806 /* Fonts */ = {
			isa = PBXGroup;
			children = (
				D39EAD5C26726AAD00DC0806 /* Revalia-Regular.ttf */,
				D39EAD5E26726AC700DC0806 /* SFUIDisplay-Black.otf */,
				D39EAD6026726AD500DC0806 /* SFUIDisplay-Heavy.otf */,
				D39EAD6226726AE100DC0806 /* SFUIDisplay-Regular.otf */,
				D39EAD6426726AF800DC0806 /* SFUIDisplay-Light.ttf */,
				D39EAD6626726AFF00DC0806 /* SFUIDisplay-Thin.otf */,
			);
			path = Fonts;
			sourceTree = "<group>";
		};
		D471BD17B10D243559B7A452 /* Pods */ = {
			isa = PBXGroup;
			children = (
				7C12331BD05D7CA314D5D51D /* Pods-LevelUp.debug.xcconfig */,
				2D6F36ADA20852F6D0FF1BD5 /* Pods-LevelUp.release.xcconfig */,
			);
			path = Pods;
			sourceTree = "<group>";
		};
		EC130DF746B38B9F8B68EA7B /* Frameworks */ = {
			isa = PBXGroup;
			children = (
				70108202267929FB00288D76 /* GameKit.framework */,
				603EA66648B7207679E2D6D5 /* Pods_LevelUp.framework */,
			);
			name = Frameworks;
			sourceTree = "<group>";
		};
/* End PBXGroup section */

/* Begin PBXNativeTarget section */
		D39EAD37267250BF00DC0806 /* LevelUp */ = {
			isa = PBXNativeTarget;
			buildConfigurationList = D39EAD47267250C300DC0806 /* Build configuration list for PBXNativeTarget "LevelUp" */;
			buildPhases = (
				9A26C4E20CCD9CE2198727A4 /* [CP] Check Pods Manifest.lock */,
				D39EAD34267250BF00DC0806 /* Sources */,
				D39EAD35267250BF00DC0806 /* Frameworks */,
				D39EAD36267250BF00DC0806 /* Resources */,
				BA2830418F8FDBA7EE6EC8FC /* [CP] Embed Pods Frameworks */,
			);
			buildRules = (
			);
			dependencies = (
			);
			name = LevelUp;
			productName = LevelUp;
			productReference = D39EAD38267250BF00DC0806 /* LevelUp.app */;
			productType = "com.apple.product-type.application";
		};
/* End PBXNativeTarget section */

/* Begin PBXProject section */
		D39EAD30267250BF00DC0806 /* Project object */ = {
			isa = PBXProject;
			attributes = {
				LastSwiftUpdateCheck = 1250;
				LastUpgradeCheck = 1250;
				TargetAttributes = {
					D39EAD37267250BF00DC0806 = {
						CreatedOnToolsVersion = 12.5;
					};
				};
			};
			buildConfigurationList = D39EAD33267250BF00DC0806 /* Build configuration list for PBXProject "LevelUp" */;
			compatibilityVersion = "Xcode 9.3";
			developmentRegion = en;
			hasScannedForEncodings = 0;
			knownRegions = (
				en,
				Base,
			);
			mainGroup = D39EAD2F267250BF00DC0806;
			productRefGroup = D39EAD39267250BF00DC0806 /* Products */;
			projectDirPath = "";
			projectRoot = "";
			targets = (
				D39EAD37267250BF00DC0806 /* LevelUp */,
			);
		};
/* End PBXProject section */

/* Begin PBXResourcesBuildPhase section */
		D39EAD36267250BF00DC0806 /* Resources */ = {
			isa = PBXResourcesBuildPhase;
			buildActionMask = 2147483647;
			files = (
				D39EAD6726726AFF00DC0806 /* SFUIDisplay-Thin.otf in Resources */,
				D39EAD43267250C300DC0806 /* Preview Assets.xcassets in Resources */,
				706E0DD7267918E800923030 /* GoogleService-Info.plist in Resources */,
				D39EAD5D26726AAD00DC0806 /* Revalia-Regular.ttf in Resources */,
				D39EAD5F26726AC700DC0806 /* SFUIDisplay-Black.otf in Resources */,
				D39EAD6526726AF800DC0806 /* SFUIDisplay-Light.ttf in Resources */,
				D39EAD6326726AE100DC0806 /* SFUIDisplay-Regular.otf in Resources */,
				70487436267B506300263425 /* Assets.xcassets in Resources */,
				D39EAD6126726AD500DC0806 /* SFUIDisplay-Heavy.otf in Resources */,
			);
			runOnlyForDeploymentPostprocessing = 0;
		};
/* End PBXResourcesBuildPhase section */

/* Begin PBXShellScriptBuildPhase section */
		9A26C4E20CCD9CE2198727A4 /* [CP] Check Pods Manifest.lock */ = {
			isa = PBXShellScriptBuildPhase;
			buildActionMask = 2147483647;
			files = (
			);
			inputFileListPaths = (
			);
			inputPaths = (
				"${PODS_PODFILE_DIR_PATH}/Podfile.lock",
				"${PODS_ROOT}/Manifest.lock",
			);
			name = "[CP] Check Pods Manifest.lock";
			outputFileListPaths = (
			);
			outputPaths = (
				"$(DERIVED_FILE_DIR)/Pods-LevelUp-checkManifestLockResult.txt",
			);
			runOnlyForDeploymentPostprocessing = 0;
			shellPath = /bin/sh;
			shellScript = "diff \"${PODS_PODFILE_DIR_PATH}/Podfile.lock\" \"${PODS_ROOT}/Manifest.lock\" > /dev/null\nif [ $? != 0 ] ; then\n    # print error to STDERR\n    echo \"error: The sandbox is not in sync with the Podfile.lock. Run 'pod install' or update your CocoaPods installation.\" >&2\n    exit 1\nfi\n# This output is used by Xcode 'outputs' to avoid re-running this script phase.\necho \"SUCCESS\" > \"${SCRIPT_OUTPUT_FILE_0}\"\n";
			showEnvVarsInLog = 0;
		};
		BA2830418F8FDBA7EE6EC8FC /* [CP] Embed Pods Frameworks */ = {
			isa = PBXShellScriptBuildPhase;
			buildActionMask = 2147483647;
			files = (
			);
			inputFileListPaths = (
				"${PODS_ROOT}/Target Support Files/Pods-LevelUp/Pods-LevelUp-frameworks-${CONFIGURATION}-input-files.xcfilelist",
			);
			name = "[CP] Embed Pods Frameworks";
			outputFileListPaths = (
				"${PODS_ROOT}/Target Support Files/Pods-LevelUp/Pods-LevelUp-frameworks-${CONFIGURATION}-output-files.xcfilelist",
			);
			runOnlyForDeploymentPostprocessing = 0;
			shellPath = /bin/sh;
			shellScript = "\"${PODS_ROOT}/Target Support Files/Pods-LevelUp/Pods-LevelUp-frameworks.sh\"\n";
			showEnvVarsInLog = 0;
		};
/* End PBXShellScriptBuildPhase section */

/* Begin PBXSourcesBuildPhase section */
		D39EAD34267250BF00DC0806 /* Sources */ = {
			isa = PBXSourcesBuildPhase;
			buildActionMask = 2147483647;
			files = (
				7048740C267B4F8A00263425 /* QuestionView.swift in Sources */,
				70487438267B51CF00263425 /* Question.swift in Sources */,
				70487416267B4FBF00263425 /* BackgroundViews.swift in Sources */,
				70487412267B4FB000263425 /* PhotoCaptureView.swift in Sources */,
				7048741C267B4FD400263425 /* LandingPlanet.swift in Sources */,
				D39EAD4D2672510C00DC0806 /* Planet.swift in Sources */,
				70487414267B4FB800263425 /* GameBackground.swift in Sources */,
				70487446267B582300263425 /* Data.swift in Sources */,
				70487440267B51DE00263425 /* Type.swift in Sources */,
				D39EAD3E267250BF00DC0806 /* ContentView.swift in Sources */,
				D39EAD3C267250BF00DC0806 /* LevelUpApp.swift in Sources */,
				D39EAD6E267348FF00DC0806 /* PlanetView.swift in Sources */,
				70487448267B584C00263425 /* connectionView.swift in Sources */,
				7048740B267B4F8A00263425 /* QuizView.swift in Sources */,
				70487432267B502F00263425 /* Game3.swift in Sources */,
				70487406267B4EFF00263425 /* PlaySound.swift in Sources */,
				70487433267B502F00263425 /* Game1Onboarding.swift in Sources */,
				7048740E267B4F9100263425 /* BackgroundRectangle.swift in Sources */,
				7016031B267A1C3800225CA0 /* SignInApple.swift in Sources */,
				70487444267B51E600263425 /* Achiev.swift in Sources */,
				70487434267B502F00263425 /* Game1e2.swift in Sources */,
				70487442267B51E300263425 /* Conversation.swift in Sources */,
				70160317267A1A9B00225CA0 /* SignInEmail.swift in Sources */,
				70487420267B4FE000263425 /* Onboarding.swift in Sources */,
				7048741E267B4FDC00263425 /* GameProfile.swift in Sources */,
				7048742E267B502F00263425 /* Game1TabView.swift in Sources */,
				70487431267B502F00263425 /* Game1WalkthroughView.swift in Sources */,
				701081FA26791A1D00288D76 /* Connexion.swift in Sources */,
				70487410267B4F9B00263425 /* RadarChartView.swift in Sources */,
				7048742F267B502F00263425 /* Game1.swift in Sources */,
				70160319267A1BBF00225CA0 /* SignInGC.swift in Sources */,
				701603152679E7F900225CA0 /* LoginModel.swift in Sources */,
				7048741A267B4FCA00263425 /* Universe.swift in Sources */,
				701081FC26791A6900288D76 /* ModalConnexionValid.swift in Sources */,
				70487430267B502F00263425 /* Game2.swift in Sources */,
				7048743C267B51D800263425 /* Player.swift in Sources */,
				70487426267B500700263425 /* PopUpEndOfGame.swift in Sources */,
				70487404267B4EDF00263425 /* ImagePicker.swift in Sources */,
				7048743A267B51D500263425 /* Game.swift in Sources */,
				70487422267B4FED00263425 /* PlayersProfile.swift in Sources */,
				70487418267B4FC400263425 /* Tutorial.swift in Sources */,
				7048743E267B51DB00263425 /* Message.swift in Sources */,
				70487425267B500700263425 /* ModalConversation.swift in Sources */,
			);
			runOnlyForDeploymentPostprocessing = 0;
		};
/* End PBXSourcesBuildPhase section */

/* Begin XCBuildConfiguration section */
		D39EAD45267250C300DC0806 /* Debug */ = {
			isa = XCBuildConfiguration;
			buildSettings = {
				ALWAYS_SEARCH_USER_PATHS = NO;
				CLANG_ANALYZER_NONNULL = YES;
				CLANG_ANALYZER_NUMBER_OBJECT_CONVERSION = YES_AGGRESSIVE;
				CLANG_CXX_LANGUAGE_STANDARD = "gnu++14";
				CLANG_CXX_LIBRARY = "libc++";
				CLANG_ENABLE_MODULES = YES;
				CLANG_ENABLE_OBJC_ARC = YES;
				CLANG_ENABLE_OBJC_WEAK = YES;
				CLANG_WARN_BLOCK_CAPTURE_AUTORELEASING = YES;
				CLANG_WARN_BOOL_CONVERSION = YES;
				CLANG_WARN_COMMA = YES;
				CLANG_WARN_CONSTANT_CONVERSION = YES;
				CLANG_WARN_DEPRECATED_OBJC_IMPLEMENTATIONS = YES;
				CLANG_WARN_DIRECT_OBJC_ISA_USAGE = YES_ERROR;
				CLANG_WARN_DOCUMENTATION_COMMENTS = YES;
				CLANG_WARN_EMPTY_BODY = YES;
				CLANG_WARN_ENUM_CONVERSION = YES;
				CLANG_WARN_INFINITE_RECURSION = YES;
				CLANG_WARN_INT_CONVERSION = YES;
				CLANG_WARN_NON_LITERAL_NULL_CONVERSION = YES;
				CLANG_WARN_OBJC_IMPLICIT_RETAIN_SELF = YES;
				CLANG_WARN_OBJC_LITERAL_CONVERSION = YES;
				CLANG_WARN_OBJC_ROOT_CLASS = YES_ERROR;
				CLANG_WARN_QUOTED_INCLUDE_IN_FRAMEWORK_HEADER = YES;
				CLANG_WARN_RANGE_LOOP_ANALYSIS = YES;
				CLANG_WARN_STRICT_PROTOTYPES = YES;
				CLANG_WARN_SUSPICIOUS_MOVE = YES;
				CLANG_WARN_UNGUARDED_AVAILABILITY = YES_AGGRESSIVE;
				CLANG_WARN_UNREACHABLE_CODE = YES;
				CLANG_WARN__DUPLICATE_METHOD_MATCH = YES;
				COPY_PHASE_STRIP = NO;
				DEBUG_INFORMATION_FORMAT = dwarf;
				ENABLE_STRICT_OBJC_MSGSEND = YES;
				ENABLE_TESTABILITY = YES;
				GCC_C_LANGUAGE_STANDARD = gnu11;
				GCC_DYNAMIC_NO_PIC = NO;
				GCC_NO_COMMON_BLOCKS = YES;
				GCC_OPTIMIZATION_LEVEL = 0;
				GCC_PREPROCESSOR_DEFINITIONS = (
					"DEBUG=1",
					"$(inherited)",
				);
				GCC_WARN_64_TO_32_BIT_CONVERSION = YES;
				GCC_WARN_ABOUT_RETURN_TYPE = YES_ERROR;
				GCC_WARN_UNDECLARED_SELECTOR = YES;
				GCC_WARN_UNINITIALIZED_AUTOS = YES_AGGRESSIVE;
				GCC_WARN_UNUSED_FUNCTION = YES;
				GCC_WARN_UNUSED_VARIABLE = YES;
				IPHONEOS_DEPLOYMENT_TARGET = 14.5;
				MTL_ENABLE_DEBUG_INFO = INCLUDE_SOURCE;
				MTL_FAST_MATH = YES;
				ONLY_ACTIVE_ARCH = YES;
				SDKROOT = iphoneos;
				SWIFT_ACTIVE_COMPILATION_CONDITIONS = DEBUG;
				SWIFT_OPTIMIZATION_LEVEL = "-Onone";
			};
			name = Debug;
		};
		D39EAD46267250C300DC0806 /* Release */ = {
			isa = XCBuildConfiguration;
			buildSettings = {
				ALWAYS_SEARCH_USER_PATHS = NO;
				CLANG_ANALYZER_NONNULL = YES;
				CLANG_ANALYZER_NUMBER_OBJECT_CONVERSION = YES_AGGRESSIVE;
				CLANG_CXX_LANGUAGE_STANDARD = "gnu++14";
				CLANG_CXX_LIBRARY = "libc++";
				CLANG_ENABLE_MODULES = YES;
				CLANG_ENABLE_OBJC_ARC = YES;
				CLANG_ENABLE_OBJC_WEAK = YES;
				CLANG_WARN_BLOCK_CAPTURE_AUTORELEASING = YES;
				CLANG_WARN_BOOL_CONVERSION = YES;
				CLANG_WARN_COMMA = YES;
				CLANG_WARN_CONSTANT_CONVERSION = YES;
				CLANG_WARN_DEPRECATED_OBJC_IMPLEMENTATIONS = YES;
				CLANG_WARN_DIRECT_OBJC_ISA_USAGE = YES_ERROR;
				CLANG_WARN_DOCUMENTATION_COMMENTS = YES;
				CLANG_WARN_EMPTY_BODY = YES;
				CLANG_WARN_ENUM_CONVERSION = YES;
				CLANG_WARN_INFINITE_RECURSION = YES;
				CLANG_WARN_INT_CONVERSION = YES;
				CLANG_WARN_NON_LITERAL_NULL_CONVERSION = YES;
				CLANG_WARN_OBJC_IMPLICIT_RETAIN_SELF = YES;
				CLANG_WARN_OBJC_LITERAL_CONVERSION = YES;
				CLANG_WARN_OBJC_ROOT_CLASS = YES_ERROR;
				CLANG_WARN_QUOTED_INCLUDE_IN_FRAMEWORK_HEADER = YES;
				CLANG_WARN_RANGE_LOOP_ANALYSIS = YES;
				CLANG_WARN_STRICT_PROTOTYPES = YES;
				CLANG_WARN_SUSPICIOUS_MOVE = YES;
				CLANG_WARN_UNGUARDED_AVAILABILITY = YES_AGGRESSIVE;
				CLANG_WARN_UNREACHABLE_CODE = YES;
				CLANG_WARN__DUPLICATE_METHOD_MATCH = YES;
				COPY_PHASE_STRIP = NO;
				DEBUG_INFORMATION_FORMAT = "dwarf-with-dsym";
				ENABLE_NS_ASSERTIONS = NO;
				ENABLE_STRICT_OBJC_MSGSEND = YES;
				GCC_C_LANGUAGE_STANDARD = gnu11;
				GCC_NO_COMMON_BLOCKS = YES;
				GCC_WARN_64_TO_32_BIT_CONVERSION = YES;
				GCC_WARN_ABOUT_RETURN_TYPE = YES_ERROR;
				GCC_WARN_UNDECLARED_SELECTOR = YES;
				GCC_WARN_UNINITIALIZED_AUTOS = YES_AGGRESSIVE;
				GCC_WARN_UNUSED_FUNCTION = YES;
				GCC_WARN_UNUSED_VARIABLE = YES;
				IPHONEOS_DEPLOYMENT_TARGET = 14.5;
				MTL_ENABLE_DEBUG_INFO = NO;
				MTL_FAST_MATH = YES;
				SDKROOT = iphoneos;
				SWIFT_COMPILATION_MODE = wholemodule;
				SWIFT_OPTIMIZATION_LEVEL = "-O";
				VALIDATE_PRODUCT = YES;
			};
			name = Release;
		};
		D39EAD48267250C300DC0806 /* Debug */ = {
			isa = XCBuildConfiguration;
			baseConfigurationReference = 7C12331BD05D7CA314D5D51D /* Pods-LevelUp.debug.xcconfig */;
			buildSettings = {
				ASSETCATALOG_COMPILER_APPICON_NAME = AppIcon;
				ASSETCATALOG_COMPILER_GLOBAL_ACCENT_COLOR_NAME = AccentColor;
				CODE_SIGN_ENTITLEMENTS = LevelUp/LevelUp.entitlements;
				CODE_SIGN_STYLE = Automatic;
				DEVELOPMENT_ASSET_PATHS = "\"LevelUp/Preview Content\"";
				DEVELOPMENT_TEAM = CDT2LZXUGZ;
				ENABLE_PREVIEWS = YES;
				INFOPLIST_FILE = LevelUp/Info.plist;
				IPHONEOS_DEPLOYMENT_TARGET = 14.0;
				LD_RUNPATH_SEARCH_PATHS = (
					"$(inherited)",
					"@executable_path/Frameworks",
				);
				PRODUCT_BUNDLE_IDENTIFIER = com.esteban.LevelUp;
				PRODUCT_NAME = "$(TARGET_NAME)";
				SWIFT_VERSION = 5.0;
				TARGETED_DEVICE_FAMILY = "1,2";
			};
			name = Debug;
		};
		D39EAD49267250C300DC0806 /* Release */ = {
			isa = XCBuildConfiguration;
			baseConfigurationReference = 2D6F36ADA20852F6D0FF1BD5 /* Pods-LevelUp.release.xcconfig */;
			buildSettings = {
				ASSETCATALOG_COMPILER_APPICON_NAME = AppIcon;
				ASSETCATALOG_COMPILER_GLOBAL_ACCENT_COLOR_NAME = AccentColor;
				CODE_SIGN_ENTITLEMENTS = LevelUp/LevelUp.entitlements;
				CODE_SIGN_STYLE = Automatic;
				DEVELOPMENT_ASSET_PATHS = "\"LevelUp/Preview Content\"";
				DEVELOPMENT_TEAM = CDT2LZXUGZ;
				ENABLE_PREVIEWS = YES;
				INFOPLIST_FILE = LevelUp/Info.plist;
				IPHONEOS_DEPLOYMENT_TARGET = 14.0;
				LD_RUNPATH_SEARCH_PATHS = (
					"$(inherited)",
					"@executable_path/Frameworks",
				);
				PRODUCT_BUNDLE_IDENTIFIER = com.esteban.LevelUp;
				PRODUCT_NAME = "$(TARGET_NAME)";
				SWIFT_VERSION = 5.0;
				TARGETED_DEVICE_FAMILY = "1,2";
			};
			name = Release;
		};
/* End XCBuildConfiguration section */

/* Begin XCConfigurationList section */
		D39EAD33267250BF00DC0806 /* Build configuration list for PBXProject "LevelUp" */ = {
			isa = XCConfigurationList;
			buildConfigurations = (
				D39EAD45267250C300DC0806 /* Debug */,
				D39EAD46267250C300DC0806 /* Release */,
			);
			defaultConfigurationIsVisible = 0;
			defaultConfigurationName = Release;
		};
		D39EAD47267250C300DC0806 /* Build configuration list for PBXNativeTarget "LevelUp" */ = {
			isa = XCConfigurationList;
			buildConfigurations = (
				D39EAD48267250C300DC0806 /* Debug */,
				D39EAD49267250C300DC0806 /* Release */,
			);
			defaultConfigurationIsVisible = 0;
			defaultConfigurationName = Release;
		};
/* End XCConfigurationList section */
	};
	rootObject = D39EAD30267250BF00DC0806 /* Project object */;
}
